// !$*UTF8*$!
{
	archiveVersion = 1;
	classes = {
	};
	objectVersion = 46;
	objects = {

/* Begin PBXBuildFile section */
		65B5DAF61C1F9D6100A85AC5 /* AppDelegate.swift in Sources */ = {isa = PBXBuildFile; fileRef = 65B5DAF51C1F9D6100A85AC5 /* AppDelegate.swift */; };
		65B5DAF81C1F9D6100A85AC5 /* ViewController.swift in Sources */ = {isa = PBXBuildFile; fileRef = 65B5DAF71C1F9D6100A85AC5 /* ViewController.swift */; };
		65B5DAFB1C1F9D6100A85AC5 /* Main.storyboard in Resources */ = {isa = PBXBuildFile; fileRef = 65B5DAF91C1F9D6100A85AC5 /* Main.storyboard */; };
		65B5DAFD1C1F9D6100A85AC5 /* Images.xcassets in Resources */ = {isa = PBXBuildFile; fileRef = 65B5DAFC1C1F9D6100A85AC5 /* Images.xcassets */; };
		65B5DB001C1F9D6100A85AC5 /* LaunchScreen.xib in Resources */ = {isa = PBXBuildFile; fileRef = 65B5DAFE1C1F9D6100A85AC5 /* LaunchScreen.xib */; };
		65B5DB0C1C1F9D6100A85AC5 /* Hola_MundoTests.swift in Sources */ = {isa = PBXBuildFile; fileRef = 65B5DB0B1C1F9D6100A85AC5 /* Hola_MundoTests.swift */; };
/* End PBXBuildFile section */

/* Begin PBXContainerItemProxy section */
		65B5DB061C1F9D6100A85AC5 /* PBXContainerItemProxy */ = {
			isa = PBXContainerItemProxy;
			containerPortal = 65B5DAE81C1F9D6100A85AC5 /* Project object */;
			proxyType = 1;
			remoteGlobalIDString = 65B5DAEF1C1F9D6100A85AC5;
			remoteInfo = "Hola Mundo";
		};
/* End PBXContainerItemProxy section */

/* Begin PBXFileReference section */
		65B5DAF01C1F9D6100A85AC5 /* Hola Mundo.app */ = {isa = PBXFileReference; explicitFileType = wrapper.application; includeInIndex = 0; path = "Hola Mundo.app"; sourceTree = BUILT_PRODUCTS_DIR; };
		65B5DAF41C1F9D6100A85AC5 /* Info.plist */ = {isa = PBXFileReference; lastKnownFileType = text.plist.xml; path = Info.plist; sourceTree = "<group>"; };
		65B5DAF51C1F9D6100A85AC5 /* AppDelegate.swift */ = {isa = PBXFileReference; lastKnownFileType = sourcecode.swift; path = AppDelegate.swift; sourceTree = "<group>"; };
		65B5DAF71C1F9D6100A85AC5 /* ViewController.swift */ = {isa = PBXFileReference; lastKnownFileType = sourcecode.swift; path = ViewController.swift; sourceTree = "<group>"; };
		65B5DAFA1C1F9D6100A85AC5 /* Base */ = {isa = PBXFileReference; lastKnownFileType = file.storyboard; name = Base; path = Base.lproj/Main.storyboard; sourceTree = "<group>"; };
		65B5DAFC1C1F9D6100A85AC5 /* Images.xcassets */ = {isa = PBXFileReference; lastKnownFileType = folder.assetcatalog; path = Images.xcassets; sourceTree = "<group>"; };
		65B5DAFF1C1F9D6100A85AC5 /* Base */ = {isa = PBXFileReference; lastKnownFileType = file.xib; name = Base; path = Base.lproj/LaunchScreen.xib; sourceTree = "<group>"; };
		65B5DB051C1F9D6100A85AC5 /* Hola MundoTests.xctest */ = {isa = PBXFileReference; explicitFileType = wrapper.cfbundle; includeInIndex = 0; path = "Hola MundoTests.xctest"; sourceTree = BUILT_PRODUCTS_DIR; };
		65B5DB0A1C1F9D6100A85AC5 /* Info.plist */ = {isa = PBXFileReference; lastKnownFileType = text.plist.xml; path = Info.plist; sourceTree = "<group>"; };
		65B5DB0B1C1F9D6100A85AC5 /* Hola_MundoTests.swift */ = {isa = PBXFileReference; lastKnownFileType = sourcecode.swift; path = Hola_MundoTests.swift; sourceTree = "<group>"; };
/* End PBXFileReference section */

/* Begin PBXFrameworksBuildPhase section */
		65B5DAED1C1F9D6100A85AC5 /* Frameworks */ = {
			isa = PBXFrameworksBuildPhase;
			buildActionMask = 2147483647;
			files = (
			);
			runOnlyForDeploymentPostprocessing = 0;
		};
		65B5DB021C1F9D6100A85AC5 /* Frameworks */ = {
			isa = PBXFrameworksBuildPhase;
			buildActionMask = 2147483647;
			files = (
			);
			runOnlyForDeploymentPostprocessing = 0;
		};
/* End PBXFrameworksBuildPhase section */

/* Begin PBXGroup section */
		65B5DAE71C1F9D6100A85AC5 = {
			isa = PBXGroup;
			children = (
				65B5DAF21C1F9D6100A85AC5 /* Hola Mundo */,
				65B5DB081C1F9D6100A85AC5 /* Hola MundoTests */,
				65B5DAF11C1F9D6100A85AC5 /* Products */,
			);
			sourceTree = "<group>";
		};
		65B5DAF11C1F9D6100A85AC5 /* Products */ = {
			isa = PBXGroup;
			children = (
				65B5DAF01C1F9D6100A85AC5 /* Hola Mundo.app */,
				65B5DB051C1F9D6100A85AC5 /* Hola MundoTests.xctest */,
			);
			name = Products;
			sourceTree = "<group>";
		};
		65B5DAF21C1F9D6100A85AC5 /* Hola Mundo */ = {
			isa = PBXGroup;
			children = (
				65B5DAF51C1F9D6100A85AC5 /* AppDelegate.swift */,
				65B5DAF71C1F9D6100A85AC5 /* ViewController.swift */,
				65B5DAF91C1F9D6100A85AC5 /* Main.storyboard */,
				65B5DAFC1C1F9D6100A85AC5 /* Images.xcassets */,
				65B5DAFE1C1F9D6100A85AC5 /* LaunchScreen.xib */,
				65B5DAF31C1F9D6100A85AC5 /* Supporting Files */,
			);
			path = "Hola Mundo";
			sourceTree = "<group>";
		};
		65B5DAF31C1F9D6100A85AC5 /* Supporting Files */ = {
			isa = PBXGroup;
			children = (
				65B5DAF41C1F9D6100A85AC5 /* Info.plist */,
			);
			name = "Supporting Files";
			sourceTree = "<group>";
		};
		65B5DB081C1F9D6100A85AC5 /* Hola MundoTests */ = {
			isa = PBXGroup;
			children = (
				65B5DB0B1C1F9D6100A85AC5 /* Hola_MundoTests.swift */,
				65B5DB091C1F9D6100A85AC5 /* Supporting Files */,
			);
			path = "Hola MundoTests";
			sourceTree = "<group>";
		};
		65B5DB091C1F9D6100A85AC5 /* Supporting Files */ = {
			isa = PBXGroup;
			children = (
				65B5DB0A1C1F9D6100A85AC5 /* Info.plist */,
			);
			name = "Supporting Files";
			sourceTree = "<group>";
		};
/* End PBXGroup section */

/* Begin PBXNativeTarget section */
		65B5DAEF1C1F9D6100A85AC5 /* Hola Mundo */ = {
			isa = PBXNativeTarget;
			buildConfigurationList = 65B5DB0F1C1F9D6100A85AC5 /* Build configuration list for PBXNativeTarget "Hola Mundo" */;
			buildPhases = (
				65B5DAEC1C1F9D6100A85AC5 /* Sources */,
				65B5DAED1C1F9D6100A85AC5 /* Frameworks */,
				65B5DAEE1C1F9D6100A85AC5 /* Resources */,
			);
			buildRules = (
			);
			dependencies = (
			);
			name = "Hola Mundo";
			productName = "Hola Mundo";
			productReference = 65B5DAF01C1F9D6100A85AC5 /* Hola Mundo.app */;
			productType = "com.apple.product-type.application";
		};
		65B5DB041C1F9D6100A85AC5 /* Hola MundoTests */ = {
			isa = PBXNativeTarget;
			buildConfigurationList = 65B5DB121C1F9D6100A85AC5 /* Build configuration list for PBXNativeTarget "Hola MundoTests" */;
			buildPhases = (
				65B5DB011C1F9D6100A85AC5 /* Sources */,
				65B5DB021C1F9D6100A85AC5 /* Frameworks */,
				65B5DB031C1F9D6100A85AC5 /* Resources */,
			);
			buildRules = (
			);
			dependencies = (
				65B5DB071C1F9D6100A85AC5 /* PBXTargetDependency */,
			);
			name = "Hola MundoTests";
			productName = "Hola MundoTests";
			productReference = 65B5DB051C1F9D6100A85AC5 /* Hola MundoTests.xctest */;
			productType = "com.apple.product-type.bundle.unit-test";
		};
/* End PBXNativeTarget section */

/* Begin PBXProject section */
		65B5DAE81C1F9D6100A85AC5 /* Project object */ = {
			isa = PBXProject;
			attributes = {
				LastSwiftUpdateCheck = 0720;
				LastUpgradeCheck = 0630;
				ORGANIZATIONNAME = nextU;
				TargetAttributes = {
					65B5DAEF1C1F9D6100A85AC5 = {
						CreatedOnToolsVersion = 6.3.2;
					};
					65B5DB041C1F9D6100A85AC5 = {
						CreatedOnToolsVersion = 6.3.2;
						TestTargetID = 65B5DAEF1C1F9D6100A85AC5;
					};
				};
			};
			buildConfigurationList = 65B5DAEB1C1F9D6100A85AC5 /* Build configuration list for PBXProject "Hola Mundo" */;
			compatibilityVersion = "Xcode 3.2";
			developmentRegion = English;
			hasScannedForEncodings = 0;
			knownRegions = (
				en,
				Base,
			);
			mainGroup = 65B5DAE71C1F9D6100A85AC5;
			productRefGroup = 65B5DAF11C1F9D6100A85AC5 /* Products */;
			projectDirPath = "";
			projectRoot = "";
			targets = (
				65B5DAEF1C1F9D6100A85AC5 /* Hola Mundo */,
				65B5DB041C1F9D6100A85AC5 /* Hola MundoTests */,
			);
		};
/* End PBXProject section */

/* Begin PBXResourcesBuildPhase section */
		65B5DAEE1C1F9D6100A85AC5 /* Resources */ = {
			isa = PBXResourcesBuildPhase;
			buildActionMask = 2147483647;
			files = (
				65B5DAFB1C1F9D6100A85AC5 /* Main.storyboard in Resources */,
				65B5DB001C1F9D6100A85AC5 /* LaunchScreen.xib in Resources */,
				65B5DAFD1C1F9D6100A85AC5 /* Images.xcassets in Resources */,
			);
			runOnlyForDeploymentPostprocessing = 0;
		};
		65B5DB031C1F9D6100A85AC5 /* Resources */ = {
			isa = PBXResourcesBuildPhase;
			buildActionMask = 2147483647;
			files = (
			);
			runOnlyForDeploymentPostprocessing = 0;
		};
/* End PBXResourcesBuildPhase section */

/* Begin PBXSourcesBuildPhase section */
		65B5DAEC1C1F9D6100A85AC5 /* Sources */ = {
			isa = PBXSourcesBuildPhase;
			buildActionMask = 2147483647;
			files = (
				65B5DAF81C1F9D6100A85AC5 /* ViewController.swift in Sources */,
				65B5DAF61C1F9D6100A85AC5 /* AppDelegate.swift in Sources */,
			);
			runOnlyForDeploymentPostprocessing = 0;
		};
		65B5DB011C1F9D6100A85AC5 /* Sources */ = {
			isa = PBXSourcesBuildPhase;
			buildActionMask = 2147483647;
			files = (
				65B5DB0C1C1F9D6100A85AC5 /* Hola_MundoTests.swift in Sources */,
			);
			runOnlyForDeploymentPostprocessing = 0;
		};
/* End PBXSourcesBuildPhase section */

/* Begin PBXTargetDependency section */
		65B5DB071C1F9D6100A85AC5 /* PBXTargetDependency */ = {
			isa = PBXTargetDependency;
			target = 65B5DAEF1C1F9D6100A85AC5 /* Hola Mundo */;
			targetProxy = 65B5DB061C1F9D6100A85AC5 /* PBXContainerItemProxy */;
		};
/* End PBXTargetDependency section */

/* Begin PBXVariantGroup section */
		65B5DAF91C1F9D6100A85AC5 /* Main.storyboard */ = {
			isa = PBXVariantGroup;
			children = (
				65B5DAFA1C1F9D6100A85AC5 /* Base */,
			);
			name = Main.storyboard;
			sourceTree = "<group>";
		};
		65B5DAFE1C1F9D6100A85AC5 /* LaunchScreen.xib */ = {
			isa = PBXVariantGroup;
			children = (
				65B5DAFF1C1F9D6100A85AC5 /* Base */,
			);
			name = LaunchScreen.xib;
			sourceTree = "<group>";
		};
/* End PBXVariantGroup section */

/* Begin XCBuildConfiguration section */
		65B5DB0D1C1F9D6100A85AC5 /* Debug */ = {
			isa = XCBuildConfiguration;
			buildSettings = {
				ALWAYS_SEARCH_USER_PATHS = NO;
				CLANG_CXX_LANGUAGE_STANDARD = "gnu++0x";
				CLANG_CXX_LIBRARY = "libc++";
				CLANG_ENABLE_MODULES = YES;
				CLANG_ENABLE_OBJC_ARC = YES;
				CLANG_WARN_BOOL_CONVERSION = YES;
				CLANG_WARN_CONSTANT_CONVERSION = YES;
				CLANG_WARN_DIRECT_OBJC_ISA_USAGE = YES_ERROR;
				CLANG_WARN_EMPTY_BODY = YES;
				CLANG_WARN_ENUM_CONVERSION = YES;
				CLANG_WARN_INT_CONVERSION = YES;
				CLANG_WARN_OBJC_ROOT_CLASS = YES_ERROR;
				CLANG_WARN_UNREACHABLE_CODE = YES;
				CLANG_WARN__DUPLICATE_METHOD_MATCH = YES;
				"CODE_SIGN_IDENTITY[sdk=iphoneos*]" = "iPhone Developer";
				COPY_PHASE_STRIP = NO;
				DEBUG_INFORMATION_FORMAT = "dwarf-with-dsym";
				ENABLE_STRICT_OBJC_MSGSEND = YES;
				GCC_C_LANGUAGE_STANDARD = gnu99;
				GCC_DYNAMIC_NO_PIC = NO;
				GCC_NO_COMMON_BLOCKS = YES;
				GCC_OPTIMIZATION_LEVEL = 0;
				GCC_PREPROCESSOR_DEFINITIONS = (
					"DEBUG=1",
					"$(inherited)",
				);
				GCC_SYMBOLS_PRIVATE_EXTERN = NO;
				GCC_WARN_64_TO_32_BIT_CONVERSION = YES;
				GCC_WARN_ABOUT_RETURN_TYPE = YES_ERROR;
				GCC_WARN_UNDECLARED_SELECTOR = YES;
				GCC_WARN_UNINITIALIZED_AUTOS = YES_AGGRESSIVE;
				GCC_WARN_UNUSED_FUNCTION = YES;
				GCC_WARN_UNUSED_VARIABLE = YES;
				IPHONEOS_DEPLOYMENT_TARGET = 8.4;
				MTL_ENABLE_DEBUG_INFO = YES;
				ONLY_ACTIVE_ARCH = YES;
				SDKROOT = iphoneos;
				SWIFT_OPTIMIZATION_LEVEL = "-Onone";
			};
			name = Debug;
		};
		65B5DB0E1C1F9D6100A85AC5 /* Release */ = {
			isa = XCBuildConfiguration;
			buildSettings = {
				ALWAYS_SEARCH_USER_PATHS = NO;
				CLANG_CXX_LANGUAGE_STANDARD = "gnu++0x";
				CLANG_CXX_LIBRARY = "libc++";
				CLANG_ENABLE_MODULES = YES;
				CLANG_ENABLE_OBJC_ARC = YES;
				CLANG_WARN_BOOL_CONVERSION = YES;
				CLANG_WARN_CONSTANT_CONVERSION = YES;
				CLANG_WARN_DIRECT_OBJC_ISA_USAGE = YES_ERROR;
				CLANG_WARN_EMPTY_BODY = YES;
				CLANG_WARN_ENUM_CONVERSION = YES;
				CLANG_WARN_INT_CONVERSION = YES;
				CLANG_WARN_OBJC_ROOT_CLASS = YES_ERROR;
				CLANG_WARN_UNREACHABLE_CODE = YES;
				CLANG_WARN__DUPLICATE_METHOD_MATCH = YES;
				"CODE_SIGN_IDENTITY[sdk=iphoneos*]" = "iPhone Developer";
				COPY_PHASE_STRIP = NO;
				DEBUG_INFORMATION_FORMAT = "dwarf-with-dsym";
				ENABLE_NS_ASSERTIONS = NO;
				ENABLE_STRICT_OBJC_MSGSEND = YES;
				GCC_C_LANGUAGE_STANDARD = gnu99;
				GCC_NO_COMMON_BLOCKS = YES;
				GCC_WARN_64_TO_32_BIT_CONVERSION = YES;
				GCC_WARN_ABOUT_RETURN_TYPE = YES_ERROR;
				GCC_WARN_UNDECLARED_SELECTOR = YES;
				GCC_WARN_UNINITIALIZED_AUTOS = YES_AGGRESSIVE;
				GCC_WARN_UNUSED_FUNCTION = YES;
				GCC_WARN_UNUSED_VARIABLE = YES;
				IPHONEOS_DEPLOYMENT_TARGET = 8.4;
				MTL_ENABLE_DEBUG_INFO = NO;
				SDKROOT = iphoneos;
				VALIDATE_PRODUCT = YES;
			};
			name = Release;
		};
		65B5DB101C1F9D6100A85AC5 /* Debug */ = {
			isa = XCBuildConfiguration;
			buildSettings = {
				ASSETCATALOG_COMPILER_APPICON_NAME = AppIcon;
				INFOPLIST_FILE = "Hola Mundo/Info.plist";
				LD_RUNPATH_SEARCH_PATHS = "$(inherited) @executable_path/Frameworks";
				PRODUCT_NAME = "$(TARGET_NAME)";
			};
			name = Debug;
		};
		65B5DB111C1F9D6100A85AC5 /* Release */ = {
			isa = XCBuildConfiguration;
			buildSettings = {
				ASSETCATALOG_COMPILER_APPICON_NAME = AppIcon;
				INFOPLIST_FILE = "Hola Mundo/Info.plist";
				LD_RUNPATH_SEARCH_PATHS = "$(inherited) @executable_path/Frameworks";
				PRODUCT_NAME = "$(TARGET_NAME)";
			};
			name = Release;
		};
		65B5DB131C1F9D6100A85AC5 /* Debug */ = {
			isa = XCBuildConfiguration;
			buildSettings = {
				BUNDLE_LOADER = "$(TEST_HOST)";
				FRAMEWORK_SEARCH_PATHS = (
					"$(SDKROOT)/Developer/Library/Frameworks",
					"$(inherited)",
				);
				GCC_PREPROCESSOR_DEFINITIONS = (
					"DEBUG=1",
					"$(inherited)",
				);
				INFOPLIST_FILE = "Hola MundoTests/Info.plist";
				LD_RUNPATH_SEARCH_PATHS = "$(inherited) @executable_path/Frameworks @loader_path/Frameworks";
				PRODUCT_NAME = "$(TARGET_NAME)";
				TEST_HOST = "$(BUILT_PRODUCTS_DIR)/Hola Mundo.app/Hola Mundo";
			};
			name = Debug;
		};
		65B5DB141C1F9D6100A85AC5 /* Release */ = {
			isa = XCBuildConfiguration;
			buildSettings = {
				BUNDLE_LOADER = "$(TEST_HOST)";
				FRAMEWORK_SEARCH_PATHS = (
					"$(SDKROOT)/Developer/Library/Frameworks",
					"$(inherited)",
				);
				INFOPLIST_FILE = "Hola MundoTests/Info.plist";
				LD_RUNPATH_SEARCH_PATHS = "$(inherited) @executable_path/Frameworks @loader_path/Frameworks";
				PRODUCT_NAME = "$(TARGET_NAME)";
				TEST_HOST = "$(BUILT_PRODUCTS_DIR)/Hola Mundo.app/Hola Mundo";
			};
			name = Release;
		};
/* End XCBuildConfiguration section */

/* Begin XCConfigurationList section */
		65B5DAEB1C1F9D6100A85AC5 /* Build configuration list for PBXProject "Hola Mundo" */ = {
			isa = XCConfigurationList;
			buildConfigurations = (
				65B5DB0D1C1F9D6100A85AC5 /* Debug */,
				65B5DB0E1C1F9D6100A85AC5 /* Release */,
			);
			defaultConfigurationIsVisible = 0;
			defaultConfigurationName = Release;
		};
		65B5DB0F1C1F9D6100A85AC5 /* Build configuration list for PBXNativeTarget "Hola Mundo" */ = {
			isa = XCConfigurationList;
			buildConfigurations = (
				65B5DB101C1F9D6100A85AC5 /* Debug */,
				65B5DB111C1F9D6100A85AC5 /* Release */,
			);
			defaultConfigurationIsVisible = 0;
			defaultConfigurationName = Release;
		};
		65B5DB121C1F9D6100A85AC5 /* Build configuration list for PBXNativeTarget "Hola MundoTests" */ = {
			isa = XCConfigurationList;
			buildConfigurations = (
				65B5DB131C1F9D6100A85AC5 /* Debug */,
				65B5DB141C1F9D6100A85AC5 /* Release */,
			);
			defaultConfigurationIsVisible = 0;
			defaultConfigurationName = Release;
		};
/* End XCConfigurationList section */
	};
	rootObject = 65B5DAE81C1F9D6100A85AC5 /* Project object */;
}
